
Microsoft Visual Studio Solution File, Format Version 12.00
# Visual Studio 14
VisualStudioVersion = 14.0.25420.1
MinimumVisualStudioVersion = 10.0.40219.1
Project("{F184B08F-C81C-45F6-A57F-5ABD9991F28F}") = "Splash Form.vb", "Splash Form.vb.vbproj", "{31828722-FA3F-4CB8-9FD7-A683C76A3B30}"
EndProject
Global
	GlobalSection(SolutionConfigurationPlatforms) = preSolution
		Debug|Any CPU = Debug|Any CPU
		Release|Any CPU = Release|Any CPU
	EndGlobalSection
	GlobalSection(ProjectConfigurationPlatforms) = postSolution
		{31828722-FA3F-4CB8-9FD7-A683C76A3B30}.Debug|Any CPU.ActiveCfg = Debug|Any CPU
		{31828722-FA3F-4CB8-9FD7-A683C76A3B30}.Debug|Any CPU.Build.0 = Debug|Any CPU
		{31828722-FA3F-4CB8-9FD7-A683C76A3B30}.Release|Any CPU.ActiveCfg = Release|Any CPU
		{31828722-FA3F-4CB8-9FD7-A683C76A3B30}.Release|Any CPU.Build.0 = Release|Any CPU
	EndGlobalSection
	GlobalSection(SolutionProperties) = preSolution
		HideSolutionNode = FALSE
	EndGlobalSection
EndGlobal
